
Microsoft Visual Studio Solution File, Format Version 12.00
# Visual Studio Version 16
VisualStudioVersion = 16.0.29613.14
MinimumVisualStudioVersion = 10.0.40219.1
Project("{FAE04EC0-301F-11D3-BF4B-00C04F79EFBC}") = "APlusB", "Coursera\APlusB.csproj", "{708A1E2C-1D7D-411A-8226-EDC19982FE82}"
EndProject
Project("{FAE04EC0-301F-11D3-BF4B-00C04F79EFBC}") = "MaximumPairwiseProduct", "MaximumPairwiseProduct\MaximumPairwiseProduct.csproj", "{5D73F97F-34E6-4CB4-B096-B15449A337A7}"
EndProject
Project("{FAE04EC0-301F-11D3-BF4B-00C04F79EFBC}") = "Fibonacci Number", "Fibonacci Number\Fibonacci Number.csproj", "{393A5593-874C-4087-B5FD-1E87F8826C31}"
EndProject
Project("{FAE04EC0-301F-11D3-BF4B-00C04F79EFBC}") = "FibLastNums", "FibLastNums\FibLastNums.csproj", "{37A30E50-6ABB-4AA1-8495-39CAE8554D5A}"
EndProject
Project("{FAE04EC0-301F-11D3-BF4B-00C04F79EFBC}") = "GreatestCommonDivisor", "GreatestCommonDivisor\GreatestCommonDivisor.csproj", "{7AC0D0E4-5296-4BBD-9123-5984B9EE2479}"
EndProject
Project("{FAE04EC0-301F-11D3-BF4B-00C04F79EFBC}") = "LCM", "LCM\LCM.csproj", "{37358EA9-4976-4918-A4DE-76188FD29898}"
EndProject
Project("{FAE04EC0-301F-11D3-BF4B-00C04F79EFBC}") = "Fibonacci Number Again", "Fibonacci Number Again\Fibonacci Number Again.csproj", "{71668436-CC84-4E36-A949-3E64A22C291B}"
EndProject
Project("{FAE04EC0-301F-11D3-BF4B-00C04F79EFBC}") = "Last Digit of the Sum of Fibonacci Numbers", "Last Digit of the Sum of Fibonacci Numbers\Last Digit of the Sum of Fibonacci Numbers.csproj", "{DBA87A42-D219-4C5F-9AAB-FAE63F3C9953}"
EndProject
Project("{FAE04EC0-301F-11D3-BF4B-00C04F79EFBC}") = "Last Digit of the Sum of Fibonacci Numbers Again", "Last Digit of the Sum of Fibonacci Numbers Again\Last Digit of the Sum of Fibonacci Numbers Again.csproj", "{AEA7E6ED-19E9-4D44-84FA-6C4DE3FF9486}"
EndProject
Project("{FAE04EC0-301F-11D3-BF4B-00C04F79EFBC}") = "Last Digit of the Sum of Squares of Fibonacci Numbers", "Last Digit of the Sum of Squares of Fibonacci Numbers\Last Digit of the Sum of Squares of Fibonacci Numbers.csproj", "{323EA257-0BCE-4283-8E96-FAEE34137F53}"
EndProject
Project("{2150E333-8FDC-42A3-9474-1A3956D46DE8}") = "week3", "week3", "{691AD80A-72B7-4593-9745-EE3427C62481}"
EndProject
Project("{FAE04EC0-301F-11D3-BF4B-00C04F79EFBC}") = "Money Change", "Money Change\Money Change.csproj", "{EE11F24C-407A-4BB3-996C-C7AA23B35F58}"
EndProject
Project("{2150E333-8FDC-42A3-9474-1A3956D46DE8}") = "week2", "week2", "{CB268115-7A5C-4606-A40D-0A59197DE908}"
EndProject
Project("{FAE04EC0-301F-11D3-BF4B-00C04F79EFBC}") = "Maximum Value of the Loot", "Maximum Value of the Loot\Maximum Value of the Loot.csproj", "{C00053B7-B4FB-4B91-81FA-81F8A6FBBF7E}"
EndProject
Project("{FAE04EC0-301F-11D3-BF4B-00C04F79EFBC}") = "Car Fueling", "Car Fueling\Car Fueling.csproj", "{A1578DB9-28FB-48C0-AB2E-40828CA655B9}"
EndProject
Project("{FAE04EC0-301F-11D3-BF4B-00C04F79EFBC}") = "Maximum Advertisement Revenue", "Maximum Advertisement Revenue\Maximum Advertisement Revenue.csproj", "{6FECF575-3E1E-45DE-BF90-76EE347CC2CF}"
EndProject
Project("{FAE04EC0-301F-11D3-BF4B-00C04F79EFBC}") = "Collecting Signatures", "Collecting Signatures\Collecting Signatures.csproj", "{9F4AEDEB-2484-412E-9903-15B03652E002}"
EndProject
Project("{FAE04EC0-301F-11D3-BF4B-00C04F79EFBC}") = "Maximum Number of Prizes", "Maximum Number of Prizes\Maximum Number of Prizes.csproj", "{39A6FC06-5B52-48C6-A0A8-C682C9635DDC}"
EndProject
Project("{2150E333-8FDC-42A3-9474-1A3956D46DE8}") = "week4", "week4", "{97756CBF-08C3-40FF-9A0B-785D68924F13}"
EndProject
Project("{FAE04EC0-301F-11D3-BF4B-00C04F79EFBC}") = "BinarySearch", "BinarySearch\BinarySearch.csproj", "{2B9B181F-7D4C-4725-B6BC-F7C09957BEB5}"
EndProject
Project("{FAE04EC0-301F-11D3-BF4B-00C04F79EFBC}") = "Majority Element", "Majority Element\Majority Element.csproj", "{C9AA72CE-F419-4D54-9C6A-A5573A2FDAA9}"
EndProject
Project("{FAE04EC0-301F-11D3-BF4B-00C04F79EFBC}") = "Improving Quick Sort", "Improving Quick Sort\Improving Quick Sort.csproj", "{7C625BAC-76AB-4698-83C3-407D1001E8D0}"
EndProject
Project("{FAE04EC0-301F-11D3-BF4B-00C04F79EFBC}") = "Number of Inversions", "Number of Inversions\Number of Inversions.csproj", "{37D5BC63-BA75-44D5-9DAD-5CABA8C94AF4}"
EndProject
Project("{2150E333-8FDC-42A3-9474-1A3956D46DE8}") = "week5", "week5", "{EC3161A6-3F0A-45DA-A239-D84F473942B2}"
EndProject
Project("{FAE04EC0-301F-11D3-BF4B-00C04F79EFBC}") = "Money Change Again", "Money Change Again\Money Change Again.csproj", "{96829CD1-059A-4664-911C-A4D60A0A6BA0}"
EndProject
Project("{FAE04EC0-301F-11D3-BF4B-00C04F79EFBC}") = "Primitive Calculator", "Primitive Calculator\Primitive Calculator.csproj", "{40DDD9AC-279F-498E-8D83-25851C247389}"
EndProject
Project("{FAE04EC0-301F-11D3-BF4B-00C04F79EFBC}") = "Edit Distance", "Edit Distance\Edit Distance.csproj", "{DB27BF8C-67B3-47B2-9C41-B1FF2FD41084}"
EndProject
Project("{2150E333-8FDC-42A3-9474-1A3956D46DE8}") = "week6", "week6", "{5C8BB516-1F9D-4874-9EA9-6AB71565FA2B}"
EndProject
Project("{FAE04EC0-301F-11D3-BF4B-00C04F79EFBC}") = "Maximum Amount of Gold", "Maximum Amount of Gold\Maximum Amount of Gold.csproj", "{75E629C9-220D-4B23-B61A-0165155CC529}"
EndProject
Project("{FAE04EC0-301F-11D3-BF4B-00C04F79EFBC}") = "Partitioning Souvenirs", "Partitioning Souvenirs\Partitioning Souvenirs.csproj", "{1EB89A49-4A74-44DD-AB20-ACD3B84BD7AC}"
EndProject
Global
	GlobalSection(SolutionConfigurationPlatforms) = preSolution
		Debug|Any CPU = Debug|Any CPU
		Release|Any CPU = Release|Any CPU
	EndGlobalSection
	GlobalSection(ProjectConfigurationPlatforms) = postSolution
		{708A1E2C-1D7D-411A-8226-EDC19982FE82}.Debug|Any CPU.ActiveCfg = Debug|Any CPU
		{708A1E2C-1D7D-411A-8226-EDC19982FE82}.Debug|Any CPU.Build.0 = Debug|Any CPU
		{708A1E2C-1D7D-411A-8226-EDC19982FE82}.Release|Any CPU.ActiveCfg = Release|Any CPU
		{708A1E2C-1D7D-411A-8226-EDC19982FE82}.Release|Any CPU.Build.0 = Release|Any CPU
		{5D73F97F-34E6-4CB4-B096-B15449A337A7}.Debug|Any CPU.ActiveCfg = Debug|Any CPU
		{5D73F97F-34E6-4CB4-B096-B15449A337A7}.Debug|Any CPU.Build.0 = Debug|Any CPU
		{5D73F97F-34E6-4CB4-B096-B15449A337A7}.Release|Any CPU.ActiveCfg = Release|Any CPU
		{5D73F97F-34E6-4CB4-B096-B15449A337A7}.Release|Any CPU.Build.0 = Release|Any CPU
		{393A5593-874C-4087-B5FD-1E87F8826C31}.Debug|Any CPU.ActiveCfg = Debug|Any CPU
		{393A5593-874C-4087-B5FD-1E87F8826C31}.Debug|Any CPU.Build.0 = Debug|Any CPU
		{393A5593-874C-4087-B5FD-1E87F8826C31}.Release|Any CPU.ActiveCfg = Release|Any CPU
		{393A5593-874C-4087-B5FD-1E87F8826C31}.Release|Any CPU.Build.0 = Release|Any CPU
		{37A30E50-6ABB-4AA1-8495-39CAE8554D5A}.Debug|Any CPU.ActiveCfg = Debug|Any CPU
		{37A30E50-6ABB-4AA1-8495-39CAE8554D5A}.Debug|Any CPU.Build.0 = Debug|Any CPU
		{37A30E50-6ABB-4AA1-8495-39CAE8554D5A}.Release|Any CPU.ActiveCfg = Release|Any CPU
		{37A30E50-6ABB-4AA1-8495-39CAE8554D5A}.Release|Any CPU.Build.0 = Release|Any CPU
		{7AC0D0E4-5296-4BBD-9123-5984B9EE2479}.Debug|Any CPU.ActiveCfg = Debug|Any CPU
		{7AC0D0E4-5296-4BBD-9123-5984B9EE2479}.Debug|Any CPU.Build.0 = Debug|Any CPU
		{7AC0D0E4-5296-4BBD-9123-5984B9EE2479}.Release|Any CPU.ActiveCfg = Release|Any CPU
		{7AC0D0E4-5296-4BBD-9123-5984B9EE2479}.Release|Any CPU.Build.0 = Release|Any CPU
		{37358EA9-4976-4918-A4DE-76188FD29898}.Debug|Any CPU.ActiveCfg = Debug|Any CPU
		{37358EA9-4976-4918-A4DE-76188FD29898}.Debug|Any CPU.Build.0 = Debug|Any CPU
		{37358EA9-4976-4918-A4DE-76188FD29898}.Release|Any CPU.ActiveCfg = Release|Any CPU
		{37358EA9-4976-4918-A4DE-76188FD29898}.Release|Any CPU.Build.0 = Release|Any CPU
		{71668436-CC84-4E36-A949-3E64A22C291B}.Debug|Any CPU.ActiveCfg = Debug|Any CPU
		{71668436-CC84-4E36-A949-3E64A22C291B}.Debug|Any CPU.Build.0 = Debug|Any CPU
		{71668436-CC84-4E36-A949-3E64A22C291B}.Release|Any CPU.ActiveCfg = Release|Any CPU
		{71668436-CC84-4E36-A949-3E64A22C291B}.Release|Any CPU.Build.0 = Release|Any CPU
		{DBA87A42-D219-4C5F-9AAB-FAE63F3C9953}.Debug|Any CPU.ActiveCfg = Debug|Any CPU
		{DBA87A42-D219-4C5F-9AAB-FAE63F3C9953}.Debug|Any CPU.Build.0 = Debug|Any CPU
		{DBA87A42-D219-4C5F-9AAB-FAE63F3C9953}.Release|Any CPU.ActiveCfg = Release|Any CPU
		{DBA87A42-D219-4C5F-9AAB-FAE63F3C9953}.Release|Any CPU.Build.0 = Release|Any CPU
		{AEA7E6ED-19E9-4D44-84FA-6C4DE3FF9486}.Debug|Any CPU.ActiveCfg = Debug|Any CPU
		{AEA7E6ED-19E9-4D44-84FA-6C4DE3FF9486}.Debug|Any CPU.Build.0 = Debug|Any CPU
		{AEA7E6ED-19E9-4D44-84FA-6C4DE3FF9486}.Release|Any CPU.ActiveCfg = Release|Any CPU
		{AEA7E6ED-19E9-4D44-84FA-6C4DE3FF9486}.Release|Any CPU.Build.0 = Release|Any CPU
		{323EA257-0BCE-4283-8E96-FAEE34137F53}.Debug|Any CPU.ActiveCfg = Debug|Any CPU
		{323EA257-0BCE-4283-8E96-FAEE34137F53}.Debug|Any CPU.Build.0 = Debug|Any CPU
		{323EA257-0BCE-4283-8E96-FAEE34137F53}.Release|Any CPU.ActiveCfg = Release|Any CPU
		{323EA257-0BCE-4283-8E96-FAEE34137F53}.Release|Any CPU.Build.0 = Release|Any CPU
		{EE11F24C-407A-4BB3-996C-C7AA23B35F58}.Debug|Any CPU.ActiveCfg = Debug|Any CPU
		{EE11F24C-407A-4BB3-996C-C7AA23B35F58}.Debug|Any CPU.Build.0 = Debug|Any CPU
		{EE11F24C-407A-4BB3-996C-C7AA23B35F58}.Release|Any CPU.ActiveCfg = Release|Any CPU
		{EE11F24C-407A-4BB3-996C-C7AA23B35F58}.Release|Any CPU.Build.0 = Release|Any CPU
		{C00053B7-B4FB-4B91-81FA-81F8A6FBBF7E}.Debug|Any CPU.ActiveCfg = Debug|Any CPU
		{C00053B7-B4FB-4B91-81FA-81F8A6FBBF7E}.Debug|Any CPU.Build.0 = Debug|Any CPU
		{C00053B7-B4FB-4B91-81FA-81F8A6FBBF7E}.Release|Any CPU.ActiveCfg = Release|Any CPU
		{C00053B7-B4FB-4B91-81FA-81F8A6FBBF7E}.Release|Any CPU.Build.0 = Release|Any CPU
		{A1578DB9-28FB-48C0-AB2E-40828CA655B9}.Debug|Any CPU.ActiveCfg = Debug|Any CPU
		{A1578DB9-28FB-48C0-AB2E-40828CA655B9}.Debug|Any CPU.Build.0 = Debug|Any CPU
		{A1578DB9-28FB-48C0-AB2E-40828CA655B9}.Release|Any CPU.ActiveCfg = Release|Any CPU
		{A1578DB9-28FB-48C0-AB2E-40828CA655B9}.Release|Any CPU.Build.0 = Release|Any CPU
		{6FECF575-3E1E-45DE-BF90-76EE347CC2CF}.Debug|Any CPU.ActiveCfg = Debug|Any CPU
		{6FECF575-3E1E-45DE-BF90-76EE347CC2CF}.Debug|Any CPU.Build.0 = Debug|Any CPU
		{6FECF575-3E1E-45DE-BF90-76EE347CC2CF}.Release|Any CPU.ActiveCfg = Release|Any CPU
		{6FECF575-3E1E-45DE-BF90-76EE347CC2CF}.Release|Any CPU.Build.0 = Release|Any CPU
		{9F4AEDEB-2484-412E-9903-15B03652E002}.Debug|Any CPU.ActiveCfg = Debug|Any CPU
		{9F4AEDEB-2484-412E-9903-15B03652E002}.Debug|Any CPU.Build.0 = Debug|Any CPU
		{9F4AEDEB-2484-412E-9903-15B03652E002}.Release|Any CPU.ActiveCfg = Release|Any CPU
		{9F4AEDEB-2484-412E-9903-15B03652E002}.Release|Any CPU.Build.0 = Release|Any CPU
		{39A6FC06-5B52-48C6-A0A8-C682C9635DDC}.Debug|Any CPU.ActiveCfg = Debug|Any CPU
		{39A6FC06-5B52-48C6-A0A8-C682C9635DDC}.Debug|Any CPU.Build.0 = Debug|Any CPU
		{39A6FC06-5B52-48C6-A0A8-C682C9635DDC}.Release|Any CPU.ActiveCfg = Release|Any CPU
		{39A6FC06-5B52-48C6-A0A8-C682C9635DDC}.Release|Any CPU.Build.0 = Release|Any CPU
		{2B9B181F-7D4C-4725-B6BC-F7C09957BEB5}.Debug|Any CPU.ActiveCfg = Debug|Any CPU
		{2B9B181F-7D4C-4725-B6BC-F7C09957BEB5}.Debug|Any CPU.Build.0 = Debug|Any CPU
		{2B9B181F-7D4C-4725-B6BC-F7C09957BEB5}.Release|Any CPU.ActiveCfg = Release|Any CPU
		{2B9B181F-7D4C-4725-B6BC-F7C09957BEB5}.Release|Any CPU.Build.0 = Release|Any CPU
		{C9AA72CE-F419-4D54-9C6A-A5573A2FDAA9}.Debug|Any CPU.ActiveCfg = Debug|Any CPU
		{C9AA72CE-F419-4D54-9C6A-A5573A2FDAA9}.Debug|Any CPU.Build.0 = Debug|Any CPU
		{C9AA72CE-F419-4D54-9C6A-A5573A2FDAA9}.Release|Any CPU.ActiveCfg = Release|Any CPU
		{C9AA72CE-F419-4D54-9C6A-A5573A2FDAA9}.Release|Any CPU.Build.0 = Release|Any CPU
		{7C625BAC-76AB-4698-83C3-407D1001E8D0}.Debug|Any CPU.ActiveCfg = Debug|Any CPU
		{7C625BAC-76AB-4698-83C3-407D1001E8D0}.Debug|Any CPU.Build.0 = Debug|Any CPU
		{7C625BAC-76AB-4698-83C3-407D1001E8D0}.Release|Any CPU.ActiveCfg = Release|Any CPU
		{7C625BAC-76AB-4698-83C3-407D1001E8D0}.Release|Any CPU.Build.0 = Release|Any CPU
		{37D5BC63-BA75-44D5-9DAD-5CABA8C94AF4}.Debug|Any CPU.ActiveCfg = Debug|Any CPU
		{37D5BC63-BA75-44D5-9DAD-5CABA8C94AF4}.Debug|Any CPU.Build.0 = Debug|Any CPU
		{37D5BC63-BA75-44D5-9DAD-5CABA8C94AF4}.Release|Any CPU.ActiveCfg = Release|Any CPU
		{37D5BC63-BA75-44D5-9DAD-5CABA8C94AF4}.Release|Any CPU.Build.0 = Release|Any CPU
		{96829CD1-059A-4664-911C-A4D60A0A6BA0}.Debug|Any CPU.ActiveCfg = Debug|Any CPU
		{96829CD1-059A-4664-911C-A4D60A0A6BA0}.Debug|Any CPU.Build.0 = Debug|Any CPU
		{96829CD1-059A-4664-911C-A4D60A0A6BA0}.Release|Any CPU.ActiveCfg = Release|Any CPU
		{96829CD1-059A-4664-911C-A4D60A0A6BA0}.Release|Any CPU.Build.0 = Release|Any CPU
		{40DDD9AC-279F-498E-8D83-25851C247389}.Debug|Any CPU.ActiveCfg = Debug|Any CPU
		{40DDD9AC-279F-498E-8D83-25851C247389}.Debug|Any CPU.Build.0 = Debug|Any CPU
		{40DDD9AC-279F-498E-8D83-25851C247389}.Release|Any CPU.ActiveCfg = Release|Any CPU
		{40DDD9AC-279F-498E-8D83-25851C247389}.Release|Any CPU.Build.0 = Release|Any CPU
		{DB27BF8C-67B3-47B2-9C41-B1FF2FD41084}.Debug|Any CPU.ActiveCfg = Debug|Any CPU
		{DB27BF8C-67B3-47B2-9C41-B1FF2FD41084}.Debug|Any CPU.Build.0 = Debug|Any CPU
		{DB27BF8C-67B3-47B2-9C41-B1FF2FD41084}.Release|Any CPU.ActiveCfg = Release|Any CPU
		{DB27BF8C-67B3-47B2-9C41-B1FF2FD41084}.Release|Any CPU.Build.0 = Release|Any CPU
		{75E629C9-220D-4B23-B61A-0165155CC529}.Debug|Any CPU.ActiveCfg = Debug|Any CPU
		{75E629C9-220D-4B23-B61A-0165155CC529}.Debug|Any CPU.Build.0 = Debug|Any CPU
		{75E629C9-220D-4B23-B61A-0165155CC529}.Release|Any CPU.ActiveCfg = Release|Any CPU
		{75E629C9-220D-4B23-B61A-0165155CC529}.Release|Any CPU.Build.0 = Release|Any CPU
		{1EB89A49-4A74-44DD-AB20-ACD3B84BD7AC}.Debug|Any CPU.ActiveCfg = Debug|Any CPU
		{1EB89A49-4A74-44DD-AB20-ACD3B84BD7AC}.Debug|Any CPU.Build.0 = Debug|Any CPU
		{1EB89A49-4A74-44DD-AB20-ACD3B84BD7AC}.Release|Any CPU.ActiveCfg = Release|Any CPU
		{1EB89A49-4A74-44DD-AB20-ACD3B84BD7AC}.Release|Any CPU.Build.0 = Release|Any CPU
	EndGlobalSection
	GlobalSection(SolutionProperties) = preSolution
		HideSolutionNode = FALSE
	EndGlobalSection
	GlobalSection(NestedProjects) = preSolution
		{708A1E2C-1D7D-411A-8226-EDC19982FE82} = {CB268115-7A5C-4606-A40D-0A59197DE908}
		{5D73F97F-34E6-4CB4-B096-B15449A337A7} = {CB268115-7A5C-4606-A40D-0A59197DE908}
		{393A5593-874C-4087-B5FD-1E87F8826C31} = {CB268115-7A5C-4606-A40D-0A59197DE908}
		{37A30E50-6ABB-4AA1-8495-39CAE8554D5A} = {CB268115-7A5C-4606-A40D-0A59197DE908}
		{7AC0D0E4-5296-4BBD-9123-5984B9EE2479} = {CB268115-7A5C-4606-A40D-0A59197DE908}
		{37358EA9-4976-4918-A4DE-76188FD29898} = {CB268115-7A5C-4606-A40D-0A59197DE908}
		{71668436-CC84-4E36-A949-3E64A22C291B} = {CB268115-7A5C-4606-A40D-0A59197DE908}
		{DBA87A42-D219-4C5F-9AAB-FAE63F3C9953} = {CB268115-7A5C-4606-A40D-0A59197DE908}
		{AEA7E6ED-19E9-4D44-84FA-6C4DE3FF9486} = {CB268115-7A5C-4606-A40D-0A59197DE908}
		{323EA257-0BCE-4283-8E96-FAEE34137F53} = {CB268115-7A5C-4606-A40D-0A59197DE908}
		{EE11F24C-407A-4BB3-996C-C7AA23B35F58} = {691AD80A-72B7-4593-9745-EE3427C62481}
		{C00053B7-B4FB-4B91-81FA-81F8A6FBBF7E} = {691AD80A-72B7-4593-9745-EE3427C62481}
		{A1578DB9-28FB-48C0-AB2E-40828CA655B9} = {691AD80A-72B7-4593-9745-EE3427C62481}
		{6FECF575-3E1E-45DE-BF90-76EE347CC2CF} = {691AD80A-72B7-4593-9745-EE3427C62481}
		{9F4AEDEB-2484-412E-9903-15B03652E002} = {691AD80A-72B7-4593-9745-EE3427C62481}
		{39A6FC06-5B52-48C6-A0A8-C682C9635DDC} = {691AD80A-72B7-4593-9745-EE3427C62481}
		{2B9B181F-7D4C-4725-B6BC-F7C09957BEB5} = {97756CBF-08C3-40FF-9A0B-785D68924F13}
		{C9AA72CE-F419-4D54-9C6A-A5573A2FDAA9} = {97756CBF-08C3-40FF-9A0B-785D68924F13}
		{7C625BAC-76AB-4698-83C3-407D1001E8D0} = {97756CBF-08C3-40FF-9A0B-785D68924F13}
		{37D5BC63-BA75-44D5-9DAD-5CABA8C94AF4} = {97756CBF-08C3-40FF-9A0B-785D68924F13}
		{96829CD1-059A-4664-911C-A4D60A0A6BA0} = {EC3161A6-3F0A-45DA-A239-D84F473942B2}
		{40DDD9AC-279F-498E-8D83-25851C247389} = {EC3161A6-3F0A-45DA-A239-D84F473942B2}
		{DB27BF8C-67B3-47B2-9C41-B1FF2FD41084} = {EC3161A6-3F0A-45DA-A239-D84F473942B2}
		{75E629C9-220D-4B23-B61A-0165155CC529} = {5C8BB516-1F9D-4874-9EA9-6AB71565FA2B}
		{1EB89A49-4A74-44DD-AB20-ACD3B84BD7AC} = {5C8BB516-1F9D-4874-9EA9-6AB71565FA2B}
	EndGlobalSection
	GlobalSection(ExtensibilityGlobals) = postSolution
		SolutionGuid = {265ABAED-9B00-4FAB-9AAB-E75080BFD769}
	EndGlobalSection
EndGlobal
