
Microsoft Visual Studio Solution File, Format Version 12.00
# Visual Studio Version 16
VisualStudioVersion = 16.0.29613.14
MinimumVisualStudioVersion = 10.0.40219.1
Project("{8BC9CEB8-8B4A-11D0-8D11-00A0C91BC942}") = "AplusB", "CourseraCPP\CourseraCPP.vcxproj", "{BFE530AB-F40E-48F0-A28D-52F22E7674E7}"
EndProject
Project("{8BC9CEB8-8B4A-11D0-8D11-00A0C91BC942}") = "MinString", "MinString\MinString.vcxproj", "{0259F221-9836-4BEA-BF1C-6CD27619E02A}"
EndProject
Project("{8BC9CEB8-8B4A-11D0-8D11-00A0C91BC942}") = "Equation", "Equation\Equation.vcxproj", "{3E024F38-BB6C-4A08-BC33-5C4B76A26EE9}"
EndProject
Project("{8BC9CEB8-8B4A-11D0-8D11-00A0C91BC942}") = "Divide", "Divide\Divide.vcxproj", "{0AFD3CFF-7DF9-4988-A65E-402A0E6742D7}"
EndProject
Project("{8BC9CEB8-8B4A-11D0-8D11-00A0C91BC942}") = "Product Cost", "Product Cost\Product Cost.vcxproj", "{21DAAA16-6571-4E4F-B2F9-7A6F434FF6BA}"
EndProject
Project("{8BC9CEB8-8B4A-11D0-8D11-00A0C91BC942}") = "EvenNumbers", "EvenNumbers\EvenNumbers.vcxproj", "{0B12B283-9A2B-4216-A1E7-FE1EBF671577}"
EndProject
Project("{8BC9CEB8-8B4A-11D0-8D11-00A0C91BC942}") = "SecondF", "SecondF\SecondF.vcxproj", "{654B2764-177A-4E5F-916E-43FA723E4053}"
EndProject
Project("{8BC9CEB8-8B4A-11D0-8D11-00A0C91BC942}") = "NOD", "NOD\NOD.vcxproj", "{E3D4117B-26DD-484E-BAF4-D9D9F38E5393}"
EndProject
Project("{8BC9CEB8-8B4A-11D0-8D11-00A0C91BC942}") = "dvoich", "dvoich\dvoich.vcxproj", "{B70F3DD3-03EC-48E3-AAA5-C596F47505A1}"
EndProject
Project("{8BC9CEB8-8B4A-11D0-8D11-00A0C91BC942}") = "AverageTemperature", "AverageTemperature\AverageTemperature.vcxproj", "{E413A15D-F6B4-4B52-ACB4-6C7148DFA523}"
EndProject
Project("{8BC9CEB8-8B4A-11D0-8D11-00A0C91BC942}") = "Queue", "Queue\Queue.vcxproj", "{3464B098-52BD-44AE-BC38-FBA6E8CBC58F}"
EndProject
Project("{8BC9CEB8-8B4A-11D0-8D11-00A0C91BC942}") = "Planner", "Planner\Planner.vcxproj", "{EBCD4FF1-17C1-4942-98FD-3FDB19EE2160}"
EndProject
Project("{2150E333-8FDC-42A3-9474-1A3956D46DE8}") = "week1-2", "week1-2", "{1845047F-E004-4848-9A91-E8ABC78BF4AB}"
EndProject
Project("{8BC9CEB8-8B4A-11D0-8D11-00A0C91BC942}") = "Anagrama", "Anagrama\Anagrama.vcxproj", "{F76B224A-4056-4EAB-B593-4FC52D361FE4}"
EndProject
Project("{8BC9CEB8-8B4A-11D0-8D11-00A0C91BC942}") = "Capitals", "Capitals\Capitals.vcxproj", "{AD89E6D2-0510-4DA2-8855-331FE7DA8E1B}"
EndProject
Project("{8BC9CEB8-8B4A-11D0-8D11-00A0C91BC942}") = "BusStops", "BusStops\BusStops.vcxproj", "{F09B6554-FA77-427E-8A6B-113C269F5924}"
EndProject
Project("{8BC9CEB8-8B4A-11D0-8D11-00A0C91BC942}") = "MoreBuses", "MoreBuses\MoreBuses.vcxproj", "{0CA8F617-1FAB-427F-8968-4D2BF18D93EC}"
EndProject
Project("{8BC9CEB8-8B4A-11D0-8D11-00A0C91BC942}") = "UniqueStrings", "UniqueStrings\UniqueStrings.vcxproj", "{8D1992CC-E428-4FF2-842F-71A532700986}"
EndProject
Project("{8BC9CEB8-8B4A-11D0-8D11-00A0C91BC942}") = "Sinonims", "Sinonims\Sinonims.vcxproj", "{F9D5224F-56F7-4534-8215-F48BEED1DFE4}"
EndProject
Project("{8BC9CEB8-8B4A-11D0-8D11-00A0C91BC942}") = "MoreBus2", "MoreBus2\MoreBus2.vcxproj", "{A7096B4B-4767-4DAD-95C9-49CDD7D07F59}"
EndProject
Project("{2150E333-8FDC-42A3-9474-1A3956D46DE8}") = "week3", "week3", "{942D307F-6EEC-45B5-9242-8BC2502D8E9D}"
EndProject
Project("{8BC9CEB8-8B4A-11D0-8D11-00A0C91BC942}") = "SortAbs", "SortAbs\SortAbs.vcxproj", "{5A421577-155C-4722-8B27-37D76EBFFBEE}"
EndProject
Project("{8BC9CEB8-8B4A-11D0-8D11-00A0C91BC942}") = "SortString", "SortString\SortString.vcxproj", "{13EBFA39-3CA1-4DBD-8015-73D38273962A}"
EndProject
Global
	GlobalSection(SolutionConfigurationPlatforms) = preSolution
		Debug|x64 = Debug|x64
		Debug|x86 = Debug|x86
		Release|x64 = Release|x64
		Release|x86 = Release|x86
	EndGlobalSection
	GlobalSection(ProjectConfigurationPlatforms) = postSolution
		{BFE530AB-F40E-48F0-A28D-52F22E7674E7}.Debug|x64.ActiveCfg = Debug|x64
		{BFE530AB-F40E-48F0-A28D-52F22E7674E7}.Debug|x64.Build.0 = Debug|x64
		{BFE530AB-F40E-48F0-A28D-52F22E7674E7}.Debug|x86.ActiveCfg = Debug|Win32
		{BFE530AB-F40E-48F0-A28D-52F22E7674E7}.Debug|x86.Build.0 = Debug|Win32
		{BFE530AB-F40E-48F0-A28D-52F22E7674E7}.Release|x64.ActiveCfg = Release|x64
		{BFE530AB-F40E-48F0-A28D-52F22E7674E7}.Release|x64.Build.0 = Release|x64
		{BFE530AB-F40E-48F0-A28D-52F22E7674E7}.Release|x86.ActiveCfg = Release|Win32
		{BFE530AB-F40E-48F0-A28D-52F22E7674E7}.Release|x86.Build.0 = Release|Win32
		{0259F221-9836-4BEA-BF1C-6CD27619E02A}.Debug|x64.ActiveCfg = Debug|x64
		{0259F221-9836-4BEA-BF1C-6CD27619E02A}.Debug|x64.Build.0 = Debug|x64
		{0259F221-9836-4BEA-BF1C-6CD27619E02A}.Debug|x86.ActiveCfg = Debug|Win32
		{0259F221-9836-4BEA-BF1C-6CD27619E02A}.Debug|x86.Build.0 = Debug|Win32
		{0259F221-9836-4BEA-BF1C-6CD27619E02A}.Release|x64.ActiveCfg = Release|x64
		{0259F221-9836-4BEA-BF1C-6CD27619E02A}.Release|x64.Build.0 = Release|x64
		{0259F221-9836-4BEA-BF1C-6CD27619E02A}.Release|x86.ActiveCfg = Release|Win32
		{0259F221-9836-4BEA-BF1C-6CD27619E02A}.Release|x86.Build.0 = Release|Win32
		{3E024F38-BB6C-4A08-BC33-5C4B76A26EE9}.Debug|x64.ActiveCfg = Debug|x64
		{3E024F38-BB6C-4A08-BC33-5C4B76A26EE9}.Debug|x64.Build.0 = Debug|x64
		{3E024F38-BB6C-4A08-BC33-5C4B76A26EE9}.Debug|x86.ActiveCfg = Debug|Win32
		{3E024F38-BB6C-4A08-BC33-5C4B76A26EE9}.Debug|x86.Build.0 = Debug|Win32
		{3E024F38-BB6C-4A08-BC33-5C4B76A26EE9}.Release|x64.ActiveCfg = Release|x64
		{3E024F38-BB6C-4A08-BC33-5C4B76A26EE9}.Release|x64.Build.0 = Release|x64
		{3E024F38-BB6C-4A08-BC33-5C4B76A26EE9}.Release|x86.ActiveCfg = Release|Win32
		{3E024F38-BB6C-4A08-BC33-5C4B76A26EE9}.Release|x86.Build.0 = Release|Win32
		{0AFD3CFF-7DF9-4988-A65E-402A0E6742D7}.Debug|x64.ActiveCfg = Debug|x64
		{0AFD3CFF-7DF9-4988-A65E-402A0E6742D7}.Debug|x64.Build.0 = Debug|x64
		{0AFD3CFF-7DF9-4988-A65E-402A0E6742D7}.Debug|x86.ActiveCfg = Debug|Win32
		{0AFD3CFF-7DF9-4988-A65E-402A0E6742D7}.Debug|x86.Build.0 = Debug|Win32
		{0AFD3CFF-7DF9-4988-A65E-402A0E6742D7}.Release|x64.ActiveCfg = Release|x64
		{0AFD3CFF-7DF9-4988-A65E-402A0E6742D7}.Release|x64.Build.0 = Release|x64
		{0AFD3CFF-7DF9-4988-A65E-402A0E6742D7}.Release|x86.ActiveCfg = Release|Win32
		{0AFD3CFF-7DF9-4988-A65E-402A0E6742D7}.Release|x86.Build.0 = Release|Win32
		{21DAAA16-6571-4E4F-B2F9-7A6F434FF6BA}.Debug|x64.ActiveCfg = Debug|x64
		{21DAAA16-6571-4E4F-B2F9-7A6F434FF6BA}.Debug|x64.Build.0 = Debug|x64
		{21DAAA16-6571-4E4F-B2F9-7A6F434FF6BA}.Debug|x86.ActiveCfg = Debug|Win32
		{21DAAA16-6571-4E4F-B2F9-7A6F434FF6BA}.Debug|x86.Build.0 = Debug|Win32
		{21DAAA16-6571-4E4F-B2F9-7A6F434FF6BA}.Release|x64.ActiveCfg = Release|x64
		{21DAAA16-6571-4E4F-B2F9-7A6F434FF6BA}.Release|x64.Build.0 = Release|x64
		{21DAAA16-6571-4E4F-B2F9-7A6F434FF6BA}.Release|x86.ActiveCfg = Release|Win32
		{21DAAA16-6571-4E4F-B2F9-7A6F434FF6BA}.Release|x86.Build.0 = Release|Win32
		{0B12B283-9A2B-4216-A1E7-FE1EBF671577}.Debug|x64.ActiveCfg = Debug|x64
		{0B12B283-9A2B-4216-A1E7-FE1EBF671577}.Debug|x64.Build.0 = Debug|x64
		{0B12B283-9A2B-4216-A1E7-FE1EBF671577}.Debug|x86.ActiveCfg = Debug|Win32
		{0B12B283-9A2B-4216-A1E7-FE1EBF671577}.Debug|x86.Build.0 = Debug|Win32
		{0B12B283-9A2B-4216-A1E7-FE1EBF671577}.Release|x64.ActiveCfg = Release|x64
		{0B12B283-9A2B-4216-A1E7-FE1EBF671577}.Release|x64.Build.0 = Release|x64
		{0B12B283-9A2B-4216-A1E7-FE1EBF671577}.Release|x86.ActiveCfg = Release|Win32
		{0B12B283-9A2B-4216-A1E7-FE1EBF671577}.Release|x86.Build.0 = Release|Win32
		{654B2764-177A-4E5F-916E-43FA723E4053}.Debug|x64.ActiveCfg = Debug|x64
		{654B2764-177A-4E5F-916E-43FA723E4053}.Debug|x64.Build.0 = Debug|x64
		{654B2764-177A-4E5F-916E-43FA723E4053}.Debug|x86.ActiveCfg = Debug|Win32
		{654B2764-177A-4E5F-916E-43FA723E4053}.Debug|x86.Build.0 = Debug|Win32
		{654B2764-177A-4E5F-916E-43FA723E4053}.Release|x64.ActiveCfg = Release|x64
		{654B2764-177A-4E5F-916E-43FA723E4053}.Release|x64.Build.0 = Release|x64
		{654B2764-177A-4E5F-916E-43FA723E4053}.Release|x86.ActiveCfg = Release|Win32
		{654B2764-177A-4E5F-916E-43FA723E4053}.Release|x86.Build.0 = Release|Win32
		{E3D4117B-26DD-484E-BAF4-D9D9F38E5393}.Debug|x64.ActiveCfg = Debug|x64
		{E3D4117B-26DD-484E-BAF4-D9D9F38E5393}.Debug|x64.Build.0 = Debug|x64
		{E3D4117B-26DD-484E-BAF4-D9D9F38E5393}.Debug|x86.ActiveCfg = Debug|Win32
		{E3D4117B-26DD-484E-BAF4-D9D9F38E5393}.Debug|x86.Build.0 = Debug|Win32
		{E3D4117B-26DD-484E-BAF4-D9D9F38E5393}.Release|x64.ActiveCfg = Release|x64
		{E3D4117B-26DD-484E-BAF4-D9D9F38E5393}.Release|x64.Build.0 = Release|x64
		{E3D4117B-26DD-484E-BAF4-D9D9F38E5393}.Release|x86.ActiveCfg = Release|Win32
		{E3D4117B-26DD-484E-BAF4-D9D9F38E5393}.Release|x86.Build.0 = Release|Win32
		{B70F3DD3-03EC-48E3-AAA5-C596F47505A1}.Debug|x64.ActiveCfg = Debug|x64
		{B70F3DD3-03EC-48E3-AAA5-C596F47505A1}.Debug|x64.Build.0 = Debug|x64
		{B70F3DD3-03EC-48E3-AAA5-C596F47505A1}.Debug|x86.ActiveCfg = Debug|Win32
		{B70F3DD3-03EC-48E3-AAA5-C596F47505A1}.Debug|x86.Build.0 = Debug|Win32
		{B70F3DD3-03EC-48E3-AAA5-C596F47505A1}.Release|x64.ActiveCfg = Release|x64
		{B70F3DD3-03EC-48E3-AAA5-C596F47505A1}.Release|x64.Build.0 = Release|x64
		{B70F3DD3-03EC-48E3-AAA5-C596F47505A1}.Release|x86.ActiveCfg = Release|Win32
		{B70F3DD3-03EC-48E3-AAA5-C596F47505A1}.Release|x86.Build.0 = Release|Win32
		{E413A15D-F6B4-4B52-ACB4-6C7148DFA523}.Debug|x64.ActiveCfg = Debug|x64
		{E413A15D-F6B4-4B52-ACB4-6C7148DFA523}.Debug|x64.Build.0 = Debug|x64
		{E413A15D-F6B4-4B52-ACB4-6C7148DFA523}.Debug|x86.ActiveCfg = Debug|Win32
		{E413A15D-F6B4-4B52-ACB4-6C7148DFA523}.Debug|x86.Build.0 = Debug|Win32
		{E413A15D-F6B4-4B52-ACB4-6C7148DFA523}.Release|x64.ActiveCfg = Release|x64
		{E413A15D-F6B4-4B52-ACB4-6C7148DFA523}.Release|x64.Build.0 = Release|x64
		{E413A15D-F6B4-4B52-ACB4-6C7148DFA523}.Release|x86.ActiveCfg = Release|Win32
		{E413A15D-F6B4-4B52-ACB4-6C7148DFA523}.Release|x86.Build.0 = Release|Win32
		{3464B098-52BD-44AE-BC38-FBA6E8CBC58F}.Debug|x64.ActiveCfg = Debug|x64
		{3464B098-52BD-44AE-BC38-FBA6E8CBC58F}.Debug|x64.Build.0 = Debug|x64
		{3464B098-52BD-44AE-BC38-FBA6E8CBC58F}.Debug|x86.ActiveCfg = Debug|Win32
		{3464B098-52BD-44AE-BC38-FBA6E8CBC58F}.Debug|x86.Build.0 = Debug|Win32
		{3464B098-52BD-44AE-BC38-FBA6E8CBC58F}.Release|x64.ActiveCfg = Release|x64
		{3464B098-52BD-44AE-BC38-FBA6E8CBC58F}.Release|x64.Build.0 = Release|x64
		{3464B098-52BD-44AE-BC38-FBA6E8CBC58F}.Release|x86.ActiveCfg = Release|Win32
		{3464B098-52BD-44AE-BC38-FBA6E8CBC58F}.Release|x86.Build.0 = Release|Win32
		{EBCD4FF1-17C1-4942-98FD-3FDB19EE2160}.Debug|x64.ActiveCfg = Debug|x64
		{EBCD4FF1-17C1-4942-98FD-3FDB19EE2160}.Debug|x64.Build.0 = Debug|x64
		{EBCD4FF1-17C1-4942-98FD-3FDB19EE2160}.Debug|x86.ActiveCfg = Debug|Win32
		{EBCD4FF1-17C1-4942-98FD-3FDB19EE2160}.Debug|x86.Build.0 = Debug|Win32
		{EBCD4FF1-17C1-4942-98FD-3FDB19EE2160}.Release|x64.ActiveCfg = Release|x64
		{EBCD4FF1-17C1-4942-98FD-3FDB19EE2160}.Release|x64.Build.0 = Release|x64
		{EBCD4FF1-17C1-4942-98FD-3FDB19EE2160}.Release|x86.ActiveCfg = Release|Win32
		{EBCD4FF1-17C1-4942-98FD-3FDB19EE2160}.Release|x86.Build.0 = Release|Win32
		{F76B224A-4056-4EAB-B593-4FC52D361FE4}.Debug|x64.ActiveCfg = Debug|x64
		{F76B224A-4056-4EAB-B593-4FC52D361FE4}.Debug|x64.Build.0 = Debug|x64
		{F76B224A-4056-4EAB-B593-4FC52D361FE4}.Debug|x86.ActiveCfg = Debug|Win32
		{F76B224A-4056-4EAB-B593-4FC52D361FE4}.Debug|x86.Build.0 = Debug|Win32
		{F76B224A-4056-4EAB-B593-4FC52D361FE4}.Release|x64.ActiveCfg = Release|x64
		{F76B224A-4056-4EAB-B593-4FC52D361FE4}.Release|x64.Build.0 = Release|x64
		{F76B224A-4056-4EAB-B593-4FC52D361FE4}.Release|x86.ActiveCfg = Release|Win32
		{F76B224A-4056-4EAB-B593-4FC52D361FE4}.Release|x86.Build.0 = Release|Win32
		{AD89E6D2-0510-4DA2-8855-331FE7DA8E1B}.Debug|x64.ActiveCfg = Debug|x64
		{AD89E6D2-0510-4DA2-8855-331FE7DA8E1B}.Debug|x64.Build.0 = Debug|x64
		{AD89E6D2-0510-4DA2-8855-331FE7DA8E1B}.Debug|x86.ActiveCfg = Debug|Win32
		{AD89E6D2-0510-4DA2-8855-331FE7DA8E1B}.Debug|x86.Build.0 = Debug|Win32
		{AD89E6D2-0510-4DA2-8855-331FE7DA8E1B}.Release|x64.ActiveCfg = Release|x64
		{AD89E6D2-0510-4DA2-8855-331FE7DA8E1B}.Release|x64.Build.0 = Release|x64
		{AD89E6D2-0510-4DA2-8855-331FE7DA8E1B}.Release|x86.ActiveCfg = Release|Win32
		{AD89E6D2-0510-4DA2-8855-331FE7DA8E1B}.Release|x86.Build.0 = Release|Win32
		{F09B6554-FA77-427E-8A6B-113C269F5924}.Debug|x64.ActiveCfg = Debug|x64
		{F09B6554-FA77-427E-8A6B-113C269F5924}.Debug|x64.Build.0 = Debug|x64
		{F09B6554-FA77-427E-8A6B-113C269F5924}.Debug|x86.ActiveCfg = Debug|Win32
		{F09B6554-FA77-427E-8A6B-113C269F5924}.Debug|x86.Build.0 = Debug|Win32
		{F09B6554-FA77-427E-8A6B-113C269F5924}.Release|x64.ActiveCfg = Release|x64
		{F09B6554-FA77-427E-8A6B-113C269F5924}.Release|x64.Build.0 = Release|x64
		{F09B6554-FA77-427E-8A6B-113C269F5924}.Release|x86.ActiveCfg = Release|Win32
		{F09B6554-FA77-427E-8A6B-113C269F5924}.Release|x86.Build.0 = Release|Win32
		{0CA8F617-1FAB-427F-8968-4D2BF18D93EC}.Debug|x64.ActiveCfg = Debug|x64
		{0CA8F617-1FAB-427F-8968-4D2BF18D93EC}.Debug|x64.Build.0 = Debug|x64
		{0CA8F617-1FAB-427F-8968-4D2BF18D93EC}.Debug|x86.ActiveCfg = Debug|Win32
		{0CA8F617-1FAB-427F-8968-4D2BF18D93EC}.Debug|x86.Build.0 = Debug|Win32
		{0CA8F617-1FAB-427F-8968-4D2BF18D93EC}.Release|x64.ActiveCfg = Release|x64
		{0CA8F617-1FAB-427F-8968-4D2BF18D93EC}.Release|x64.Build.0 = Release|x64
		{0CA8F617-1FAB-427F-8968-4D2BF18D93EC}.Release|x86.ActiveCfg = Release|Win32
		{0CA8F617-1FAB-427F-8968-4D2BF18D93EC}.Release|x86.Build.0 = Release|Win32
		{8D1992CC-E428-4FF2-842F-71A532700986}.Debug|x64.ActiveCfg = Debug|x64
		{8D1992CC-E428-4FF2-842F-71A532700986}.Debug|x64.Build.0 = Debug|x64
		{8D1992CC-E428-4FF2-842F-71A532700986}.Debug|x86.ActiveCfg = Debug|Win32
		{8D1992CC-E428-4FF2-842F-71A532700986}.Debug|x86.Build.0 = Debug|Win32
		{8D1992CC-E428-4FF2-842F-71A532700986}.Release|x64.ActiveCfg = Release|x64
		{8D1992CC-E428-4FF2-842F-71A532700986}.Release|x64.Build.0 = Release|x64
		{8D1992CC-E428-4FF2-842F-71A532700986}.Release|x86.ActiveCfg = Release|Win32
		{8D1992CC-E428-4FF2-842F-71A532700986}.Release|x86.Build.0 = Release|Win32
		{F9D5224F-56F7-4534-8215-F48BEED1DFE4}.Debug|x64.ActiveCfg = Debug|x64
		{F9D5224F-56F7-4534-8215-F48BEED1DFE4}.Debug|x64.Build.0 = Debug|x64
		{F9D5224F-56F7-4534-8215-F48BEED1DFE4}.Debug|x86.ActiveCfg = Debug|Win32
		{F9D5224F-56F7-4534-8215-F48BEED1DFE4}.Debug|x86.Build.0 = Debug|Win32
		{F9D5224F-56F7-4534-8215-F48BEED1DFE4}.Release|x64.ActiveCfg = Release|x64
		{F9D5224F-56F7-4534-8215-F48BEED1DFE4}.Release|x64.Build.0 = Release|x64
		{F9D5224F-56F7-4534-8215-F48BEED1DFE4}.Release|x86.ActiveCfg = Release|Win32
		{F9D5224F-56F7-4534-8215-F48BEED1DFE4}.Release|x86.Build.0 = Release|Win32
		{A7096B4B-4767-4DAD-95C9-49CDD7D07F59}.Debug|x64.ActiveCfg = Debug|x64
		{A7096B4B-4767-4DAD-95C9-49CDD7D07F59}.Debug|x64.Build.0 = Debug|x64
		{A7096B4B-4767-4DAD-95C9-49CDD7D07F59}.Debug|x86.ActiveCfg = Debug|Win32
		{A7096B4B-4767-4DAD-95C9-49CDD7D07F59}.Debug|x86.Build.0 = Debug|Win32
		{A7096B4B-4767-4DAD-95C9-49CDD7D07F59}.Release|x64.ActiveCfg = Release|x64
		{A7096B4B-4767-4DAD-95C9-49CDD7D07F59}.Release|x64.Build.0 = Release|x64
		{A7096B4B-4767-4DAD-95C9-49CDD7D07F59}.Release|x86.ActiveCfg = Release|Win32
		{A7096B4B-4767-4DAD-95C9-49CDD7D07F59}.Release|x86.Build.0 = Release|Win32
		{5A421577-155C-4722-8B27-37D76EBFFBEE}.Debug|x64.ActiveCfg = Debug|x64
		{5A421577-155C-4722-8B27-37D76EBFFBEE}.Debug|x64.Build.0 = Debug|x64
		{5A421577-155C-4722-8B27-37D76EBFFBEE}.Debug|x86.ActiveCfg = Debug|Win32
		{5A421577-155C-4722-8B27-37D76EBFFBEE}.Debug|x86.Build.0 = Debug|Win32
		{5A421577-155C-4722-8B27-37D76EBFFBEE}.Release|x64.ActiveCfg = Release|x64
		{5A421577-155C-4722-8B27-37D76EBFFBEE}.Release|x64.Build.0 = Release|x64
		{5A421577-155C-4722-8B27-37D76EBFFBEE}.Release|x86.ActiveCfg = Release|Win32
		{5A421577-155C-4722-8B27-37D76EBFFBEE}.Release|x86.Build.0 = Release|Win32
		{13EBFA39-3CA1-4DBD-8015-73D38273962A}.Debug|x64.ActiveCfg = Debug|x64
		{13EBFA39-3CA1-4DBD-8015-73D38273962A}.Debug|x64.Build.0 = Debug|x64
		{13EBFA39-3CA1-4DBD-8015-73D38273962A}.Debug|x86.ActiveCfg = Debug|Win32
		{13EBFA39-3CA1-4DBD-8015-73D38273962A}.Debug|x86.Build.0 = Debug|Win32
		{13EBFA39-3CA1-4DBD-8015-73D38273962A}.Release|x64.ActiveCfg = Release|x64
		{13EBFA39-3CA1-4DBD-8015-73D38273962A}.Release|x64.Build.0 = Release|x64
		{13EBFA39-3CA1-4DBD-8015-73D38273962A}.Release|x86.ActiveCfg = Release|Win32
		{13EBFA39-3CA1-4DBD-8015-73D38273962A}.Release|x86.Build.0 = Release|Win32
	EndGlobalSection
	GlobalSection(SolutionProperties) = preSolution
		HideSolutionNode = FALSE
	EndGlobalSection
	GlobalSection(NestedProjects) = preSolution
		{BFE530AB-F40E-48F0-A28D-52F22E7674E7} = {1845047F-E004-4848-9A91-E8ABC78BF4AB}
		{0259F221-9836-4BEA-BF1C-6CD27619E02A} = {1845047F-E004-4848-9A91-E8ABC78BF4AB}
		{3E024F38-BB6C-4A08-BC33-5C4B76A26EE9} = {1845047F-E004-4848-9A91-E8ABC78BF4AB}
		{0AFD3CFF-7DF9-4988-A65E-402A0E6742D7} = {1845047F-E004-4848-9A91-E8ABC78BF4AB}
		{21DAAA16-6571-4E4F-B2F9-7A6F434FF6BA} = {1845047F-E004-4848-9A91-E8ABC78BF4AB}
		{0B12B283-9A2B-4216-A1E7-FE1EBF671577} = {1845047F-E004-4848-9A91-E8ABC78BF4AB}
		{654B2764-177A-4E5F-916E-43FA723E4053} = {1845047F-E004-4848-9A91-E8ABC78BF4AB}
		{E3D4117B-26DD-484E-BAF4-D9D9F38E5393} = {1845047F-E004-4848-9A91-E8ABC78BF4AB}
		{B70F3DD3-03EC-48E3-AAA5-C596F47505A1} = {1845047F-E004-4848-9A91-E8ABC78BF4AB}
		{E413A15D-F6B4-4B52-ACB4-6C7148DFA523} = {1845047F-E004-4848-9A91-E8ABC78BF4AB}
		{3464B098-52BD-44AE-BC38-FBA6E8CBC58F} = {1845047F-E004-4848-9A91-E8ABC78BF4AB}
		{EBCD4FF1-17C1-4942-98FD-3FDB19EE2160} = {1845047F-E004-4848-9A91-E8ABC78BF4AB}
		{F76B224A-4056-4EAB-B593-4FC52D361FE4} = {1845047F-E004-4848-9A91-E8ABC78BF4AB}
		{AD89E6D2-0510-4DA2-8855-331FE7DA8E1B} = {1845047F-E004-4848-9A91-E8ABC78BF4AB}
		{F09B6554-FA77-427E-8A6B-113C269F5924} = {1845047F-E004-4848-9A91-E8ABC78BF4AB}
		{0CA8F617-1FAB-427F-8968-4D2BF18D93EC} = {1845047F-E004-4848-9A91-E8ABC78BF4AB}
		{8D1992CC-E428-4FF2-842F-71A532700986} = {1845047F-E004-4848-9A91-E8ABC78BF4AB}
		{F9D5224F-56F7-4534-8215-F48BEED1DFE4} = {1845047F-E004-4848-9A91-E8ABC78BF4AB}
		{A7096B4B-4767-4DAD-95C9-49CDD7D07F59} = {1845047F-E004-4848-9A91-E8ABC78BF4AB}
		{5A421577-155C-4722-8B27-37D76EBFFBEE} = {942D307F-6EEC-45B5-9242-8BC2502D8E9D}
		{13EBFA39-3CA1-4DBD-8015-73D38273962A} = {942D307F-6EEC-45B5-9242-8BC2502D8E9D}
	EndGlobalSection
	GlobalSection(ExtensibilityGlobals) = postSolution
		SolutionGuid = {3CDE10D3-814D-447A-8FF4-2FF0173231F7}
	EndGlobalSection
EndGlobal
